
Microsoft Visual Studio Solution File, Format Version 12.00
# Visual Studio Version 17
VisualStudioVersion = 17.7.34031.279
MinimumVisualStudioVersion = 10.0.40219.1
Project("{FAE04EC0-301F-11D3-BF4B-00C04F79EFBC}") = "MvcMovie", "MvcMovie.csproj", "{1F1F58DF-4625-4872-BAC0-D6D455F6B1FE}"
EndProject
Global
	GlobalSection(SolutionConfigurationPlatforms) = preSolution
		Debug|Any CPU = Debug|Any CPU
		Release|Any CPU = Release|Any CPU
	EndGlobalSection
	GlobalSection(ProjectConfigurationPlatforms) = postSolution
		{1F1F58DF-4625-4872-BAC0-D6D455F6B1FE}.Debug|Any CPU.ActiveCfg = Debug|Any CPU
		{1F1F58DF-4625-4872-BAC0-D6D455F6B1FE}.Debug|Any CPU.Build.0 = Debug|Any CPU
		{1F1F58DF-4625-4872-BAC0-D6D455F6B1FE}.Release|Any CPU.ActiveCfg = Release|Any CPU
		{1F1F58DF-4625-4872-BAC0-D6D455F6B1FE}.Release|Any CPU.Build.0 = Release|Any CPU
	EndGlobalSection
	GlobalSection(SolutionProperties) = preSolution
		HideSolutionNode = FALSE
	EndGlobalSection
	GlobalSection(ExtensibilityGlobals) = postSolution
		SolutionGuid = {05AFB65E-3482-4966-B6DA-8464C045F0B9}
	EndGlobalSection
EndGlobal
